
Microsoft Visual Studio Solution File, Format Version 10.00
# Visual Studio 2008
Project("{8BC9CEB8-8B4A-11D0-8D11-00A0C91BC942}") = "MineGE", "MineGE\MineGE.vcproj", "{0EAE4A0E-20C4-4295-A493-396DD5C29858}"
	ProjectSection(ProjectDependencies) = postProject
		{DBCE3EDF-255D-4BF8-8788-75A895E93CA1} = {DBCE3EDF-255D-4BF8-8788-75A895E93CA1}
		{E73D4DDF-2EB8-499B-9468-C8A7770734D7} = {E73D4DDF-2EB8-499B-9468-C8A7770734D7}
		{57F120E0-BF2A-4D54-A2A2-B87F187AB2AB} = {57F120E0-BF2A-4D54-A2A2-B87F187AB2AB}
	EndProjectSection
EndProject
Project("{8BC9CEB8-8B4A-11D0-8D11-00A0C91BC942}") = "DefGE", "DefGE\DefGE.vcproj", "{A1FA108A-05D5-4B2F-BBFD-9F5C13B7BF30}"
	ProjectSection(ProjectDependencies) = postProject
		{0EAE4A0E-20C4-4295-A493-396DD5C29858} = {0EAE4A0E-20C4-4295-A493-396DD5C29858}
		{DBCE3EDF-255D-4BF8-8788-75A895E93CA1} = {DBCE3EDF-255D-4BF8-8788-75A895E93CA1}
	EndProjectSection
EndProject
Project("{8BC9CEB8-8B4A-11D0-8D11-00A0C91BC942}") = "DefGEPlugin", "DefGEPlugin\DefGEPlugin.vcproj", "{BCD929A5-3A63-402F-9012-0E449C6383E8}"
	ProjectSection(ProjectDependencies) = postProject
		{DBCE3EDF-255D-4BF8-8788-75A895E93CA1} = {DBCE3EDF-255D-4BF8-8788-75A895E93CA1}
		{57F120E0-BF2A-4D54-A2A2-B87F187AB2AB} = {57F120E0-BF2A-4D54-A2A2-B87F187AB2AB}
	EndProjectSection
EndProject
Project("{8BC9CEB8-8B4A-11D0-8D11-00A0C91BC942}") = "MineGECmds", "MineGECmds\MineGECmds.vcproj", "{1F5F020F-0F5B-42F4-BB46-C8383A5C6EA6}"
	ProjectSection(ProjectDependencies) = postProject
		{0EAE4A0E-20C4-4295-A493-396DD5C29858} = {0EAE4A0E-20C4-4295-A493-396DD5C29858}
		{A1FA108A-05D5-4B2F-BBFD-9F5C13B7BF30} = {A1FA108A-05D5-4B2F-BBFD-9F5C13B7BF30}
		{2AFAF7DC-DCE1-4991-BD95-90924934A024} = {2AFAF7DC-DCE1-4991-BD95-90924934A024}
		{E73D4DDF-2EB8-499B-9468-C8A7770734D7} = {E73D4DDF-2EB8-499B-9468-C8A7770734D7}
		{57F120E0-BF2A-4D54-A2A2-B87F187AB2AB} = {57F120E0-BF2A-4D54-A2A2-B87F187AB2AB}
	EndProjectSection
EndProject
Project("{8BC9CEB8-8B4A-11D0-8D11-00A0C91BC942}") = "MineGEDraw", "MineGEDraw\MineGEDraw.vcproj", "{57F120E0-BF2A-4D54-A2A2-B87F187AB2AB}"
	ProjectSection(ProjectDependencies) = postProject
		{DBCE3EDF-255D-4BF8-8788-75A895E93CA1} = {DBCE3EDF-255D-4BF8-8788-75A895E93CA1}
	EndProjectSection
EndProject
Project("{8BC9CEB8-8B4A-11D0-8D11-00A0C91BC942}") = "ArxDbgXdata", "ArxDbgXdata\ArxDbgXdata.vcproj", "{DBCE3EDF-255D-4BF8-8788-75A895E93CA1}"
EndProject
Project("{8BC9CEB8-8B4A-11D0-8D11-00A0C91BC942}") = "DrawVentCmd", "DrawVentCmd\DrawVentCmd.vcproj", "{1F56A259-12A4-4D06-AC69-647AFAD20A7B}"
	ProjectSection(ProjectDependencies) = postProject
		{0EAE4A0E-20C4-4295-A493-396DD5C29858} = {0EAE4A0E-20C4-4295-A493-396DD5C29858}
		{C6F9574E-95E8-49EE-8709-4B38600A6737} = {C6F9574E-95E8-49EE-8709-4B38600A6737}
		{A1FA108A-05D5-4B2F-BBFD-9F5C13B7BF30} = {A1FA108A-05D5-4B2F-BBFD-9F5C13B7BF30}
		{E73D4DDF-2EB8-499B-9468-C8A7770734D7} = {E73D4DDF-2EB8-499B-9468-C8A7770734D7}
	EndProjectSection
EndProject
Project("{8BC9CEB8-8B4A-11D0-8D11-00A0C91BC942}") = "DataInit", "DataInit\DataInit.vcproj", "{359A6918-F561-420E-9426-A56CFA4176D2}"
	ProjectSection(ProjectDependencies) = postProject
		{0EAE4A0E-20C4-4295-A493-396DD5C29858} = {0EAE4A0E-20C4-4295-A493-396DD5C29858}
	EndProjectSection
EndProject
Project("{8BC9CEB8-8B4A-11D0-8D11-00A0C91BC942}") = "VVLoader", "VVLoader\VVLoader.vcproj", "{E0E104AE-921E-42A4-B2C9-7F5D60BCDC0F}"
	ProjectSection(ProjectDependencies) = postProject
		{E73D4DDF-2EB8-499B-9468-C8A7770734D7} = {E73D4DDF-2EB8-499B-9468-C8A7770734D7}
		{57F120E0-BF2A-4D54-A2A2-B87F187AB2AB} = {57F120E0-BF2A-4D54-A2A2-B87F187AB2AB}
	EndProjectSection
EndProject
Project("{8BC9CEB8-8B4A-11D0-8D11-00A0C91BC942}") = "ArxHelper", "ArxHelper\ArxHelper.vcproj", "{E73D4DDF-2EB8-499B-9468-C8A7770734D7}"
EndProject
Project("{8BC9CEB8-8B4A-11D0-8D11-00A0C91BC942}") = "ARX_ReportHelper", "ARX_ReportHelper\ARX_ReportHelper.vcproj", "{2AFAF7DC-DCE1-4991-BD95-90924934A024}"
	ProjectSection(ProjectDependencies) = postProject
		{0EAE4A0E-20C4-4295-A493-396DD5C29858} = {0EAE4A0E-20C4-4295-A493-396DD5C29858}
		{C496B2AD-BDB7-4722-A647-C9CF1AEBCCE3} = {C496B2AD-BDB7-4722-A647-C9CF1AEBCCE3}
		{DBCE3EDF-255D-4BF8-8788-75A895E93CA1} = {DBCE3EDF-255D-4BF8-8788-75A895E93CA1}
		{E73D4DDF-2EB8-499B-9468-C8A7770734D7} = {E73D4DDF-2EB8-499B-9468-C8A7770734D7}
	EndProjectSection
EndProject
Project("{8BC9CEB8-8B4A-11D0-8D11-00A0C91BC942}") = "GESESCmds", "GESESCmds\GESESCmds.vcproj", "{7934B9CF-C3B8-44B4-A310-FEF18E1F3E97}"
	ProjectSection(ProjectDependencies) = postProject
		{0EAE4A0E-20C4-4295-A493-396DD5C29858} = {0EAE4A0E-20C4-4295-A493-396DD5C29858}
		{C496B2AD-BDB7-4722-A647-C9CF1AEBCCE3} = {C496B2AD-BDB7-4722-A647-C9CF1AEBCCE3}
		{C35553B3-2AB9-412C-A476-22A0AD48B14D} = {C35553B3-2AB9-412C-A476-22A0AD48B14D}
		{2AFAF7DC-DCE1-4991-BD95-90924934A024} = {2AFAF7DC-DCE1-4991-BD95-90924934A024}
		{E73D4DDF-2EB8-499B-9468-C8A7770734D7} = {E73D4DDF-2EB8-499B-9468-C8A7770734D7}
	EndProjectSection
EndProject
Project("{8BC9CEB8-8B4A-11D0-8D11-00A0C91BC942}") = "GraphTool", "GraphTool\GraphTool.vcproj", "{C35553B3-2AB9-412C-A476-22A0AD48B14D}"
	ProjectSection(ProjectDependencies) = postProject
		{0EAE4A0E-20C4-4295-A493-396DD5C29858} = {0EAE4A0E-20C4-4295-A493-396DD5C29858}
		{C6F9574E-95E8-49EE-8709-4B38600A6737} = {C6F9574E-95E8-49EE-8709-4B38600A6737}
		{A1FA108A-05D5-4B2F-BBFD-9F5C13B7BF30} = {A1FA108A-05D5-4B2F-BBFD-9F5C13B7BF30}
		{E73D4DDF-2EB8-499B-9468-C8A7770734D7} = {E73D4DDF-2EB8-499B-9468-C8A7770734D7}
	EndProjectSection
EndProject
Project("{8BC9CEB8-8B4A-11D0-8D11-00A0C91BC942}") = "TVNSCacul", "TVNSCacul\TVNSCacul.vcproj", "{BB15E8AC-5B82-4365-9600-090F7D3A13C9}"
	ProjectSection(ProjectDependencies) = postProject
		{0EAE4A0E-20C4-4295-A493-396DD5C29858} = {0EAE4A0E-20C4-4295-A493-396DD5C29858}
		{359A6918-F561-420E-9426-A56CFA4176D2} = {359A6918-F561-420E-9426-A56CFA4176D2}
		{A1FA108A-05D5-4B2F-BBFD-9F5C13B7BF30} = {A1FA108A-05D5-4B2F-BBFD-9F5C13B7BF30}
		{E73D4DDF-2EB8-499B-9468-C8A7770734D7} = {E73D4DDF-2EB8-499B-9468-C8A7770734D7}
	EndProjectSection
EndProject
Project("{8BC9CEB8-8B4A-11D0-8D11-00A0C91BC942}") = "GESESApp", "GESESApp\GESESApp.vcproj", "{8FEAC2B9-3306-44CC-899E-9068D4092C09}"
EndProject
Project("{8BC9CEB8-8B4A-11D0-8D11-00A0C91BC942}") = "regMachine", "KeyMaker\regMachine.vcproj", "{46F2E7C6-11D2-410B-8DF2-CAB1ADC22A74}"
EndProject
Project("{8BC9CEB8-8B4A-11D0-8D11-00A0C91BC942}") = "VNO", "VNO\VNO.vcproj", "{C6F9574E-95E8-49EE-8709-4B38600A6737}"
EndProject
Project("{8BC9CEB8-8B4A-11D0-8D11-00A0C91BC942}") = "ArxSoUI", "ArxSoUI\ArxSoUI.vcproj", "{C61AB560-2D97-44DF-8F35-8A3ADF2D212D}"
	ProjectSection(ProjectDependencies) = postProject
		{0EAE4A0E-20C4-4295-A493-396DD5C29858} = {0EAE4A0E-20C4-4295-A493-396DD5C29858}
		{C496B2AD-BDB7-4722-A647-C9CF1AEBCCE3} = {C496B2AD-BDB7-4722-A647-C9CF1AEBCCE3}
		{C35553B3-2AB9-412C-A476-22A0AD48B14D} = {C35553B3-2AB9-412C-A476-22A0AD48B14D}
		{2AFAF7DC-DCE1-4991-BD95-90924934A024} = {2AFAF7DC-DCE1-4991-BD95-90924934A024}
		{DBCE3EDF-255D-4BF8-8788-75A895E93CA1} = {DBCE3EDF-255D-4BF8-8788-75A895E93CA1}
		{E73D4DDF-2EB8-499B-9468-C8A7770734D7} = {E73D4DDF-2EB8-499B-9468-C8A7770734D7}
	EndProjectSection
EndProject
Project("{8BC9CEB8-8B4A-11D0-8D11-00A0C91BC942}") = "GDESAddFunc", "GDESAddFunc\GDESAddFunc.vcproj", "{A35EEF98-7B17-4F5B-BD51-1D12FBD6C202}"
EndProject
Project("{8BC9CEB8-8B4A-11D0-8D11-00A0C91BC942}") = "ArxDbHelper", "ArxDbHelper\ArxDbHelper.vcproj", "{5DB67129-90E7-4F89-BF2F-C394AF64692D}"
	ProjectSection(ProjectDependencies) = postProject
		{DBCE3EDF-255D-4BF8-8788-75A895E93CA1} = {DBCE3EDF-255D-4BF8-8788-75A895E93CA1}
		{E73D4DDF-2EB8-499B-9468-C8A7770734D7} = {E73D4DDF-2EB8-499B-9468-C8A7770734D7}
	EndProjectSection
EndProject
Project("{8BC9CEB8-8B4A-11D0-8D11-00A0C91BC942}") = "SqliteHelper", "SqliteHelper\SqliteHelper.vcproj", "{C496B2AD-BDB7-4722-A647-C9CF1AEBCCE3}"
EndProject
Project("{8BC9CEB8-8B4A-11D0-8D11-00A0C91BC942}") = "DrawGasCmd", "DrawGasCmd\DrawGasCmd.vcproj", "{8FC88B4C-6245-4DDB-8B55-B9F1DAA658A3}"
EndProject
Project("{8BC9CEB8-8B4A-11D0-8D11-00A0C91BC942}") = "GasGE", "GasGE\GasGE.vcproj", "{56008284-9B84-4E41-8FA6-AA8B56857B08}"
EndProject
Project("{8BC9CEB8-8B4A-11D0-8D11-00A0C91BC942}") = "GasGEPlugin", "GasGEPlugin\GasGEPlugin.vcproj", "{461A7C89-B5D5-45FD-A4BA-E1E6DEF90773}"
EndProject
Global
	GlobalSection(SolutionConfigurationPlatforms) = preSolution
		Debug|Win32 = Debug|Win32
		Debug|x64 = Debug|x64
		Release|Win32 = Release|Win32
		Release|x64 = Release|x64
	EndGlobalSection
	GlobalSection(ProjectConfigurationPlatforms) = postSolution
		{0EAE4A0E-20C4-4295-A493-396DD5C29858}.Debug|Win32.ActiveCfg = Debug|Win32
		{0EAE4A0E-20C4-4295-A493-396DD5C29858}.Debug|Win32.Build.0 = Debug|Win32
		{0EAE4A0E-20C4-4295-A493-396DD5C29858}.Debug|x64.ActiveCfg = Debug|x64
		{0EAE4A0E-20C4-4295-A493-396DD5C29858}.Debug|x64.Build.0 = Debug|x64
		{0EAE4A0E-20C4-4295-A493-396DD5C29858}.Release|Win32.ActiveCfg = Release|Win32
		{0EAE4A0E-20C4-4295-A493-396DD5C29858}.Release|Win32.Build.0 = Release|Win32
		{0EAE4A0E-20C4-4295-A493-396DD5C29858}.Release|x64.ActiveCfg = Release|x64
		{0EAE4A0E-20C4-4295-A493-396DD5C29858}.Release|x64.Build.0 = Release|x64
		{A1FA108A-05D5-4B2F-BBFD-9F5C13B7BF30}.Debug|Win32.ActiveCfg = Debug|Win32
		{A1FA108A-05D5-4B2F-BBFD-9F5C13B7BF30}.Debug|Win32.Build.0 = Debug|Win32
		{A1FA108A-05D5-4B2F-BBFD-9F5C13B7BF30}.Debug|x64.ActiveCfg = Debug|x64
		{A1FA108A-05D5-4B2F-BBFD-9F5C13B7BF30}.Debug|x64.Build.0 = Debug|x64
		{A1FA108A-05D5-4B2F-BBFD-9F5C13B7BF30}.Release|Win32.ActiveCfg = Release|Win32
		{A1FA108A-05D5-4B2F-BBFD-9F5C13B7BF30}.Release|Win32.Build.0 = Release|Win32
		{A1FA108A-05D5-4B2F-BBFD-9F5C13B7BF30}.Release|x64.ActiveCfg = Release|x64
		{A1FA108A-05D5-4B2F-BBFD-9F5C13B7BF30}.Release|x64.Build.0 = Release|x64
		{BCD929A5-3A63-402F-9012-0E449C6383E8}.Debug|Win32.ActiveCfg = Debug|Win32
		{BCD929A5-3A63-402F-9012-0E449C6383E8}.Debug|Win32.Build.0 = Debug|Win32
		{BCD929A5-3A63-402F-9012-0E449C6383E8}.Debug|x64.ActiveCfg = Debug|x64
		{BCD929A5-3A63-402F-9012-0E449C6383E8}.Debug|x64.Build.0 = Debug|x64
		{BCD929A5-3A63-402F-9012-0E449C6383E8}.Release|Win32.ActiveCfg = Release|Win32
		{BCD929A5-3A63-402F-9012-0E449C6383E8}.Release|Win32.Build.0 = Release|Win32
		{BCD929A5-3A63-402F-9012-0E449C6383E8}.Release|x64.ActiveCfg = Release|x64
		{BCD929A5-3A63-402F-9012-0E449C6383E8}.Release|x64.Build.0 = Release|x64
		{1F5F020F-0F5B-42F4-BB46-C8383A5C6EA6}.Debug|Win32.ActiveCfg = Debug|Win32
		{1F5F020F-0F5B-42F4-BB46-C8383A5C6EA6}.Debug|Win32.Build.0 = Debug|Win32
		{1F5F020F-0F5B-42F4-BB46-C8383A5C6EA6}.Debug|x64.ActiveCfg = Debug|x64
		{1F5F020F-0F5B-42F4-BB46-C8383A5C6EA6}.Debug|x64.Build.0 = Debug|x64
		{1F5F020F-0F5B-42F4-BB46-C8383A5C6EA6}.Release|Win32.ActiveCfg = Release|Win32
		{1F5F020F-0F5B-42F4-BB46-C8383A5C6EA6}.Release|Win32.Build.0 = Release|Win32
		{1F5F020F-0F5B-42F4-BB46-C8383A5C6EA6}.Release|x64.ActiveCfg = Release|x64
		{1F5F020F-0F5B-42F4-BB46-C8383A5C6EA6}.Release|x64.Build.0 = Release|x64
		{57F120E0-BF2A-4D54-A2A2-B87F187AB2AB}.Debug|Win32.ActiveCfg = Debug|Win32
		{57F120E0-BF2A-4D54-A2A2-B87F187AB2AB}.Debug|Win32.Build.0 = Debug|Win32
		{57F120E0-BF2A-4D54-A2A2-B87F187AB2AB}.Debug|x64.ActiveCfg = Debug|x64
		{57F120E0-BF2A-4D54-A2A2-B87F187AB2AB}.Debug|x64.Build.0 = Debug|x64
		{57F120E0-BF2A-4D54-A2A2-B87F187AB2AB}.Release|Win32.ActiveCfg = Release|Win32
		{57F120E0-BF2A-4D54-A2A2-B87F187AB2AB}.Release|Win32.Build.0 = Release|Win32
		{57F120E0-BF2A-4D54-A2A2-B87F187AB2AB}.Release|x64.ActiveCfg = Release|x64
		{57F120E0-BF2A-4D54-A2A2-B87F187AB2AB}.Release|x64.Build.0 = Release|x64
		{DBCE3EDF-255D-4BF8-8788-75A895E93CA1}.Debug|Win32.ActiveCfg = Debug|Win32
		{DBCE3EDF-255D-4BF8-8788-75A895E93CA1}.Debug|Win32.Build.0 = Debug|Win32
		{DBCE3EDF-255D-4BF8-8788-75A895E93CA1}.Debug|x64.ActiveCfg = Debug|x64
		{DBCE3EDF-255D-4BF8-8788-75A895E93CA1}.Debug|x64.Build.0 = Debug|x64
		{DBCE3EDF-255D-4BF8-8788-75A895E93CA1}.Release|Win32.ActiveCfg = Release|Win32
		{DBCE3EDF-255D-4BF8-8788-75A895E93CA1}.Release|Win32.Build.0 = Release|Win32
		{DBCE3EDF-255D-4BF8-8788-75A895E93CA1}.Release|x64.ActiveCfg = Release|x64
		{DBCE3EDF-255D-4BF8-8788-75A895E93CA1}.Release|x64.Build.0 = Release|x64
		{1F56A259-12A4-4D06-AC69-647AFAD20A7B}.Debug|Win32.ActiveCfg = Debug|Win32
		{1F56A259-12A4-4D06-AC69-647AFAD20A7B}.Debug|Win32.Build.0 = Debug|Win32
		{1F56A259-12A4-4D06-AC69-647AFAD20A7B}.Debug|x64.ActiveCfg = Debug|x64
		{1F56A259-12A4-4D06-AC69-647AFAD20A7B}.Debug|x64.Build.0 = Debug|x64
		{1F56A259-12A4-4D06-AC69-647AFAD20A7B}.Release|Win32.ActiveCfg = Release|Win32
		{1F56A259-12A4-4D06-AC69-647AFAD20A7B}.Release|Win32.Build.0 = Release|Win32
		{1F56A259-12A4-4D06-AC69-647AFAD20A7B}.Release|x64.ActiveCfg = Release|x64
		{1F56A259-12A4-4D06-AC69-647AFAD20A7B}.Release|x64.Build.0 = Release|x64
		{359A6918-F561-420E-9426-A56CFA4176D2}.Debug|Win32.ActiveCfg = Debug|Win32
		{359A6918-F561-420E-9426-A56CFA4176D2}.Debug|Win32.Build.0 = Debug|Win32
		{359A6918-F561-420E-9426-A56CFA4176D2}.Debug|x64.ActiveCfg = Debug|x64
		{359A6918-F561-420E-9426-A56CFA4176D2}.Debug|x64.Build.0 = Debug|x64
		{359A6918-F561-420E-9426-A56CFA4176D2}.Release|Win32.ActiveCfg = Release|Win32
		{359A6918-F561-420E-9426-A56CFA4176D2}.Release|Win32.Build.0 = Release|Win32
		{359A6918-F561-420E-9426-A56CFA4176D2}.Release|x64.ActiveCfg = Release|x64
		{359A6918-F561-420E-9426-A56CFA4176D2}.Release|x64.Build.0 = Release|x64
		{E0E104AE-921E-42A4-B2C9-7F5D60BCDC0F}.Debug|Win32.ActiveCfg = Debug|Win32
		{E0E104AE-921E-42A4-B2C9-7F5D60BCDC0F}.Debug|Win32.Build.0 = Debug|Win32
		{E0E104AE-921E-42A4-B2C9-7F5D60BCDC0F}.Debug|x64.ActiveCfg = Debug|x64
		{E0E104AE-921E-42A4-B2C9-7F5D60BCDC0F}.Debug|x64.Build.0 = Debug|x64
		{E0E104AE-921E-42A4-B2C9-7F5D60BCDC0F}.Release|Win32.ActiveCfg = Release|Win32
		{E0E104AE-921E-42A4-B2C9-7F5D60BCDC0F}.Release|Win32.Build.0 = Release|Win32
		{E0E104AE-921E-42A4-B2C9-7F5D60BCDC0F}.Release|x64.ActiveCfg = Release|x64
		{E0E104AE-921E-42A4-B2C9-7F5D60BCDC0F}.Release|x64.Build.0 = Release|x64
		{E73D4DDF-2EB8-499B-9468-C8A7770734D7}.Debug|Win32.ActiveCfg = Debug|Win32
		{E73D4DDF-2EB8-499B-9468-C8A7770734D7}.Debug|Win32.Build.0 = Debug|Win32
		{E73D4DDF-2EB8-499B-9468-C8A7770734D7}.Debug|x64.ActiveCfg = Debug|x64
		{E73D4DDF-2EB8-499B-9468-C8A7770734D7}.Debug|x64.Build.0 = Debug|x64
		{E73D4DDF-2EB8-499B-9468-C8A7770734D7}.Release|Win32.ActiveCfg = Release|Win32
		{E73D4DDF-2EB8-499B-9468-C8A7770734D7}.Release|Win32.Build.0 = Release|Win32
		{E73D4DDF-2EB8-499B-9468-C8A7770734D7}.Release|x64.ActiveCfg = Release|x64
		{E73D4DDF-2EB8-499B-9468-C8A7770734D7}.Release|x64.Build.0 = Release|x64
		{2AFAF7DC-DCE1-4991-BD95-90924934A024}.Debug|Win32.ActiveCfg = Debug|Win32
		{2AFAF7DC-DCE1-4991-BD95-90924934A024}.Debug|Win32.Build.0 = Debug|Win32
		{2AFAF7DC-DCE1-4991-BD95-90924934A024}.Debug|x64.ActiveCfg = Debug|x64
		{2AFAF7DC-DCE1-4991-BD95-90924934A024}.Debug|x64.Build.0 = Debug|x64
		{2AFAF7DC-DCE1-4991-BD95-90924934A024}.Release|Win32.ActiveCfg = Release|Win32
		{2AFAF7DC-DCE1-4991-BD95-90924934A024}.Release|Win32.Build.0 = Release|Win32
		{2AFAF7DC-DCE1-4991-BD95-90924934A024}.Release|x64.ActiveCfg = Release|x64
		{2AFAF7DC-DCE1-4991-BD95-90924934A024}.Release|x64.Build.0 = Release|x64
		{7934B9CF-C3B8-44B4-A310-FEF18E1F3E97}.Debug|Win32.ActiveCfg = Debug|Win32
		{7934B9CF-C3B8-44B4-A310-FEF18E1F3E97}.Debug|Win32.Build.0 = Debug|Win32
		{7934B9CF-C3B8-44B4-A310-FEF18E1F3E97}.Debug|x64.ActiveCfg = Debug|x64
		{7934B9CF-C3B8-44B4-A310-FEF18E1F3E97}.Debug|x64.Build.0 = Debug|x64
		{7934B9CF-C3B8-44B4-A310-FEF18E1F3E97}.Release|Win32.ActiveCfg = Release|Win32
		{7934B9CF-C3B8-44B4-A310-FEF18E1F3E97}.Release|Win32.Build.0 = Release|Win32
		{7934B9CF-C3B8-44B4-A310-FEF18E1F3E97}.Release|x64.ActiveCfg = Release|x64
		{7934B9CF-C3B8-44B4-A310-FEF18E1F3E97}.Release|x64.Build.0 = Release|x64
		{C35553B3-2AB9-412C-A476-22A0AD48B14D}.Debug|Win32.ActiveCfg = Debug|Win32
		{C35553B3-2AB9-412C-A476-22A0AD48B14D}.Debug|Win32.Build.0 = Debug|Win32
		{C35553B3-2AB9-412C-A476-22A0AD48B14D}.Debug|x64.ActiveCfg = Debug|x64
		{C35553B3-2AB9-412C-A476-22A0AD48B14D}.Debug|x64.Build.0 = Debug|x64
		{C35553B3-2AB9-412C-A476-22A0AD48B14D}.Release|Win32.ActiveCfg = Release|Win32
		{C35553B3-2AB9-412C-A476-22A0AD48B14D}.Release|Win32.Build.0 = Release|Win32
		{C35553B3-2AB9-412C-A476-22A0AD48B14D}.Release|x64.ActiveCfg = Release|x64
		{C35553B3-2AB9-412C-A476-22A0AD48B14D}.Release|x64.Build.0 = Release|x64
		{BB15E8AC-5B82-4365-9600-090F7D3A13C9}.Debug|Win32.ActiveCfg = Debug|Win32
		{BB15E8AC-5B82-4365-9600-090F7D3A13C9}.Debug|Win32.Build.0 = Debug|Win32
		{BB15E8AC-5B82-4365-9600-090F7D3A13C9}.Debug|x64.ActiveCfg = Debug|x64
		{BB15E8AC-5B82-4365-9600-090F7D3A13C9}.Debug|x64.Build.0 = Debug|x64
		{BB15E8AC-5B82-4365-9600-090F7D3A13C9}.Release|Win32.ActiveCfg = Release|Win32
		{BB15E8AC-5B82-4365-9600-090F7D3A13C9}.Release|Win32.Build.0 = Release|Win32
		{BB15E8AC-5B82-4365-9600-090F7D3A13C9}.Release|x64.ActiveCfg = Release|x64
		{BB15E8AC-5B82-4365-9600-090F7D3A13C9}.Release|x64.Build.0 = Release|x64
		{8FEAC2B9-3306-44CC-899E-9068D4092C09}.Debug|Win32.ActiveCfg = Debug|Win32
		{8FEAC2B9-3306-44CC-899E-9068D4092C09}.Debug|Win32.Build.0 = Debug|Win32
		{8FEAC2B9-3306-44CC-899E-9068D4092C09}.Debug|x64.ActiveCfg = Debug|Win32
		{8FEAC2B9-3306-44CC-899E-9068D4092C09}.Release|Win32.ActiveCfg = Release|Win32
		{8FEAC2B9-3306-44CC-899E-9068D4092C09}.Release|Win32.Build.0 = Release|Win32
		{8FEAC2B9-3306-44CC-899E-9068D4092C09}.Release|x64.ActiveCfg = Release|Win32
		{46F2E7C6-11D2-410B-8DF2-CAB1ADC22A74}.Debug|Win32.ActiveCfg = Debug|Win32
		{46F2E7C6-11D2-410B-8DF2-CAB1ADC22A74}.Debug|Win32.Build.0 = Debug|Win32
		{46F2E7C6-11D2-410B-8DF2-CAB1ADC22A74}.Debug|x64.ActiveCfg = Debug|Win32
		{46F2E7C6-11D2-410B-8DF2-CAB1ADC22A74}.Release|Win32.ActiveCfg = Release|Win32
		{46F2E7C6-11D2-410B-8DF2-CAB1ADC22A74}.Release|Win32.Build.0 = Release|Win32
		{46F2E7C6-11D2-410B-8DF2-CAB1ADC22A74}.Release|x64.ActiveCfg = Release|Win32
		{C6F9574E-95E8-49EE-8709-4B38600A6737}.Debug|Win32.ActiveCfg = Debug|Win32
		{C6F9574E-95E8-49EE-8709-4B38600A6737}.Debug|Win32.Build.0 = Debug|Win32
		{C6F9574E-95E8-49EE-8709-4B38600A6737}.Debug|x64.ActiveCfg = Debug|x64
		{C6F9574E-95E8-49EE-8709-4B38600A6737}.Debug|x64.Build.0 = Debug|x64
		{C6F9574E-95E8-49EE-8709-4B38600A6737}.Release|Win32.ActiveCfg = Release|Win32
		{C6F9574E-95E8-49EE-8709-4B38600A6737}.Release|Win32.Build.0 = Release|Win32
		{C6F9574E-95E8-49EE-8709-4B38600A6737}.Release|x64.ActiveCfg = Release|x64
		{C6F9574E-95E8-49EE-8709-4B38600A6737}.Release|x64.Build.0 = Release|x64
		{C61AB560-2D97-44DF-8F35-8A3ADF2D212D}.Debug|Win32.ActiveCfg = Debug|Win32
		{C61AB560-2D97-44DF-8F35-8A3ADF2D212D}.Debug|Win32.Build.0 = Debug|Win32
		{C61AB560-2D97-44DF-8F35-8A3ADF2D212D}.Debug|x64.ActiveCfg = Debug|x64
		{C61AB560-2D97-44DF-8F35-8A3ADF2D212D}.Debug|x64.Build.0 = Debug|x64
		{C61AB560-2D97-44DF-8F35-8A3ADF2D212D}.Release|Win32.ActiveCfg = Release|Win32
		{C61AB560-2D97-44DF-8F35-8A3ADF2D212D}.Release|Win32.Build.0 = Release|Win32
		{C61AB560-2D97-44DF-8F35-8A3ADF2D212D}.Release|x64.ActiveCfg = Release|x64
		{C61AB560-2D97-44DF-8F35-8A3ADF2D212D}.Release|x64.Build.0 = Release|x64
		{A35EEF98-7B17-4F5B-BD51-1D12FBD6C202}.Debug|Win32.ActiveCfg = Debug|Win32
		{A35EEF98-7B17-4F5B-BD51-1D12FBD6C202}.Debug|Win32.Build.0 = Debug|Win32
		{A35EEF98-7B17-4F5B-BD51-1D12FBD6C202}.Debug|x64.ActiveCfg = Debug|x64
		{A35EEF98-7B17-4F5B-BD51-1D12FBD6C202}.Debug|x64.Build.0 = Debug|x64
		{A35EEF98-7B17-4F5B-BD51-1D12FBD6C202}.Release|Win32.ActiveCfg = Release|Win32
		{A35EEF98-7B17-4F5B-BD51-1D12FBD6C202}.Release|Win32.Build.0 = Release|Win32
		{A35EEF98-7B17-4F5B-BD51-1D12FBD6C202}.Release|x64.ActiveCfg = Release|x64
		{A35EEF98-7B17-4F5B-BD51-1D12FBD6C202}.Release|x64.Build.0 = Release|x64
		{5DB67129-90E7-4F89-BF2F-C394AF64692D}.Debug|Win32.ActiveCfg = Debug|Win32
		{5DB67129-90E7-4F89-BF2F-C394AF64692D}.Debug|Win32.Build.0 = Debug|Win32
		{5DB67129-90E7-4F89-BF2F-C394AF64692D}.Debug|x64.ActiveCfg = Debug|x64
		{5DB67129-90E7-4F89-BF2F-C394AF64692D}.Debug|x64.Build.0 = Debug|x64
		{5DB67129-90E7-4F89-BF2F-C394AF64692D}.Release|Win32.ActiveCfg = Release|Win32
		{5DB67129-90E7-4F89-BF2F-C394AF64692D}.Release|Win32.Build.0 = Release|Win32
		{5DB67129-90E7-4F89-BF2F-C394AF64692D}.Release|x64.ActiveCfg = Release|x64
		{5DB67129-90E7-4F89-BF2F-C394AF64692D}.Release|x64.Build.0 = Release|x64
		{C496B2AD-BDB7-4722-A647-C9CF1AEBCCE3}.Debug|Win32.ActiveCfg = Debug|Win32
		{C496B2AD-BDB7-4722-A647-C9CF1AEBCCE3}.Debug|Win32.Build.0 = Debug|Win32
		{C496B2AD-BDB7-4722-A647-C9CF1AEBCCE3}.Debug|x64.ActiveCfg = Debug|x64
		{C496B2AD-BDB7-4722-A647-C9CF1AEBCCE3}.Debug|x64.Build.0 = Debug|x64
		{C496B2AD-BDB7-4722-A647-C9CF1AEBCCE3}.Release|Win32.ActiveCfg = Release|Win32
		{C496B2AD-BDB7-4722-A647-C9CF1AEBCCE3}.Release|Win32.Build.0 = Release|Win32
		{C496B2AD-BDB7-4722-A647-C9CF1AEBCCE3}.Release|x64.ActiveCfg = Release|x64
		{C496B2AD-BDB7-4722-A647-C9CF1AEBCCE3}.Release|x64.Build.0 = Release|x64
		{8FC88B4C-6245-4DDB-8B55-B9F1DAA658A3}.Debug|Win32.ActiveCfg = Debug|Win32
		{8FC88B4C-6245-4DDB-8B55-B9F1DAA658A3}.Debug|Win32.Build.0 = Debug|Win32
		{8FC88B4C-6245-4DDB-8B55-B9F1DAA658A3}.Debug|x64.ActiveCfg = Debug|Win32
		{8FC88B4C-6245-4DDB-8B55-B9F1DAA658A3}.Release|Win32.ActiveCfg = Release|Win32
		{8FC88B4C-6245-4DDB-8B55-B9F1DAA658A3}.Release|Win32.Build.0 = Release|Win32
		{8FC88B4C-6245-4DDB-8B55-B9F1DAA658A3}.Release|x64.ActiveCfg = Release|Win32
		{56008284-9B84-4E41-8FA6-AA8B56857B08}.Debug|Win32.ActiveCfg = Debug|Win32
		{56008284-9B84-4E41-8FA6-AA8B56857B08}.Debug|Win32.Build.0 = Debug|Win32
		{56008284-9B84-4E41-8FA6-AA8B56857B08}.Debug|x64.ActiveCfg = Debug|Win32
		{56008284-9B84-4E41-8FA6-AA8B56857B08}.Release|Win32.ActiveCfg = Release|Win32
		{56008284-9B84-4E41-8FA6-AA8B56857B08}.Release|Win32.Build.0 = Release|Win32
		{56008284-9B84-4E41-8FA6-AA8B56857B08}.Release|x64.ActiveCfg = Release|Win32
		{461A7C89-B5D5-45FD-A4BA-E1E6DEF90773}.Debug|Win32.ActiveCfg = Debug|Win32
		{461A7C89-B5D5-45FD-A4BA-E1E6DEF90773}.Debug|Win32.Build.0 = Debug|Win32
		{461A7C89-B5D5-45FD-A4BA-E1E6DEF90773}.Debug|x64.ActiveCfg = Debug|Win32
		{461A7C89-B5D5-45FD-A4BA-E1E6DEF90773}.Release|Win32.ActiveCfg = Release|Win32
		{461A7C89-B5D5-45FD-A4BA-E1E6DEF90773}.Release|Win32.Build.0 = Release|Win32
		{461A7C89-B5D5-45FD-A4BA-E1E6DEF90773}.Release|x64.ActiveCfg = Release|Win32
	EndGlobalSection
	GlobalSection(SolutionProperties) = preSolution
		HideSolutionNode = FALSE
	EndGlobalSection
	GlobalSection(ExtensibilityGlobals) = postSolution
		QtVersion = $(DefaultQtVersion)
	EndGlobalSection
EndGlobal
